
Microsoft Visual Studio Solution File, Format Version 12.00
# Visual Studio Version 17
VisualStudioVersion = 17.0.31903.59
MinimumVisualStudioVersion = 10.0.40219.1
Project("{2150E333-8FDC-42A3-9474-1A3956D46DE8}") = "src", "src", "{827E0CD3-B72D-47B6-A68D-7590B98EB39B}"
EndProject
Project("{FAE04EC0-301F-11D3-BF4B-00C04F79EFBC}") = "ProjectManager.Domain", "src\ProjectManager.Domain\ProjectManager.Domain.csproj", "{361CC675-3131-4802-B549-FCEE17680AE4}"
EndProject
Project("{FAE04EC0-301F-11D3-BF4B-00C04F79EFBC}") = "ProjectManager.Application", "src\ProjectManager.Application\ProjectManager.Application.csproj", "{67D646B0-1013-4285-A63C-7879CA47DFA1}"
EndProject
Project("{FAE04EC0-301F-11D3-BF4B-00C04F79EFBC}") = "ProjectManager.Infrastructure", "src\ProjectManager.Infrastructure\ProjectManager.Infrastructure.csproj", "{FF2D73D6-35E8-4E55-B682-CA6B8BCB98F7}"
EndProject
Project("{FAE04EC0-301F-11D3-BF4B-00C04F79EFBC}") = "ProjectManager.API", "src\ProjectManager.API\ProjectManager.API.csproj", "{FB1F048C-F817-47AB-8038-23D9071B5E46}"
EndProject
Project("{2150E333-8FDC-42A3-9474-1A3956D46DE8}") = "tests", "tests", "{0AB3BF05-4346-4AA6-1389-037BE0695223}"
EndProject
Project("{FAE04EC0-301F-11D3-BF4B-00C04F79EFBC}") = "ProjectManager.UnitTests", "tests\ProjectManager.UnitTests\ProjectManager.UnitTests.csproj", "{A25C862F-16C8-4A57-A15A-39B08A4BBB3E}"
EndProject
Project("{FAE04EC0-301F-11D3-BF4B-00C04F79EFBC}") = "ProjectManager.IntegrationTests", "tests\ProjectManager.IntegrationTests\ProjectManager.IntegrationTests.csproj", "{0336CF5A-AAFC-4D14-9F42-B54E4DE1AD18}"
EndProject
Global
	GlobalSection(SolutionConfigurationPlatforms) = preSolution
		Debug|Any CPU = Debug|Any CPU
		Debug|x64 = Debug|x64
		Debug|x86 = Debug|x86
		Release|Any CPU = Release|Any CPU
		Release|x64 = Release|x64
		Release|x86 = Release|x86
	EndGlobalSection
	GlobalSection(ProjectConfigurationPlatforms) = postSolution
		{361CC675-3131-4802-B549-FCEE17680AE4}.Debug|Any CPU.ActiveCfg = Debug|Any CPU
		{361CC675-3131-4802-B549-FCEE17680AE4}.Debug|Any CPU.Build.0 = Debug|Any CPU
		{361CC675-3131-4802-B549-FCEE17680AE4}.Debug|x64.ActiveCfg = Debug|Any CPU
		{361CC675-3131-4802-B549-FCEE17680AE4}.Debug|x64.Build.0 = Debug|Any CPU
		{361CC675-3131-4802-B549-FCEE17680AE4}.Debug|x86.ActiveCfg = Debug|Any CPU
		{361CC675-3131-4802-B549-FCEE17680AE4}.Debug|x86.Build.0 = Debug|Any CPU
		{361CC675-3131-4802-B549-FCEE17680AE4}.Release|Any CPU.ActiveCfg = Release|Any CPU
		{361CC675-3131-4802-B549-FCEE17680AE4}.Release|Any CPU.Build.0 = Release|Any CPU
		{361CC675-3131-4802-B549-FCEE17680AE4}.Release|x64.ActiveCfg = Release|Any CPU
		{361CC675-3131-4802-B549-FCEE17680AE4}.Release|x64.Build.0 = Release|Any CPU
		{361CC675-3131-4802-B549-FCEE17680AE4}.Release|x86.ActiveCfg = Release|Any CPU
		{361CC675-3131-4802-B549-FCEE17680AE4}.Release|x86.Build.0 = Release|Any CPU
		{67D646B0-1013-4285-A63C-7879CA47DFA1}.Debug|Any CPU.ActiveCfg = Debug|Any CPU
		{67D646B0-1013-4285-A63C-7879CA47DFA1}.Debug|Any CPU.Build.0 = Debug|Any CPU
		{67D646B0-1013-4285-A63C-7879CA47DFA1}.Debug|x64.ActiveCfg = Debug|Any CPU
		{67D646B0-1013-4285-A63C-7879CA47DFA1}.Debug|x64.Build.0 = Debug|Any CPU
		{67D646B0-1013-4285-A63C-7879CA47DFA1}.Debug|x86.ActiveCfg = Debug|Any CPU
		{67D646B0-1013-4285-A63C-7879CA47DFA1}.Debug|x86.Build.0 = Debug|Any CPU
		{67D646B0-1013-4285-A63C-7879CA47DFA1}.Release|Any CPU.ActiveCfg = Release|Any CPU
		{67D646B0-1013-4285-A63C-7879CA47DFA1}.Release|Any CPU.Build.0 = Release|Any CPU
		{67D646B0-1013-4285-A63C-7879CA47DFA1}.Release|x64.ActiveCfg = Release|Any CPU
		{67D646B0-1013-4285-A63C-7879CA47DFA1}.Release|x64.Build.0 = Release|Any CPU
		{67D646B0-1013-4285-A63C-7879CA47DFA1}.Release|x86.ActiveCfg = Release|Any CPU
		{67D646B0-1013-4285-A63C-7879CA47DFA1}.Release|x86.Build.0 = Release|Any CPU
		{FF2D73D6-35E8-4E55-B682-CA6B8BCB98F7}.Debug|Any CPU.ActiveCfg = Debug|Any CPU
		{FF2D73D6-35E8-4E55-B682-CA6B8BCB98F7}.Debug|Any CPU.Build.0 = Debug|Any CPU
		{FF2D73D6-35E8-4E55-B682-CA6B8BCB98F7}.Debug|x64.ActiveCfg = Debug|Any CPU
		{FF2D73D6-35E8-4E55-B682-CA6B8BCB98F7}.Debug|x64.Build.0 = Debug|Any CPU
		{FF2D73D6-35E8-4E55-B682-CA6B8BCB98F7}.Debug|x86.ActiveCfg = Debug|Any CPU
		{FF2D73D6-35E8-4E55-B682-CA6B8BCB98F7}.Debug|x86.Build.0 = Debug|Any CPU
		{FF2D73D6-35E8-4E55-B682-CA6B8BCB98F7}.Release|Any CPU.ActiveCfg = Release|Any CPU
		{FF2D73D6-35E8-4E55-B682-CA6B8BCB98F7}.Release|Any CPU.Build.0 = Release|Any CPU
		{FF2D73D6-35E8-4E55-B682-CA6B8BCB98F7}.Release|x64.ActiveCfg = Release|Any CPU
		{FF2D73D6-35E8-4E55-B682-CA6B8BCB98F7}.Release|x64.Build.0 = Release|Any CPU
		{FF2D73D6-35E8-4E55-B682-CA6B8BCB98F7}.Release|x86.ActiveCfg = Release|Any CPU
		{FF2D73D6-35E8-4E55-B682-CA6B8BCB98F7}.Release|x86.Build.0 = Release|Any CPU
		{FB1F048C-F817-47AB-8038-23D9071B5E46}.Debug|Any CPU.ActiveCfg = Debug|Any CPU
		{FB1F048C-F817-47AB-8038-23D9071B5E46}.Debug|Any CPU.Build.0 = Debug|Any CPU
		{FB1F048C-F817-47AB-8038-23D9071B5E46}.Debug|x64.ActiveCfg = Debug|Any CPU
		{FB1F048C-F817-47AB-8038-23D9071B5E46}.Debug|x64.Build.0 = Debug|Any CPU
		{FB1F048C-F817-47AB-8038-23D9071B5E46}.Debug|x86.ActiveCfg = Debug|Any CPU
		{FB1F048C-F817-47AB-8038-23D9071B5E46}.Debug|x86.Build.0 = Debug|Any CPU
		{FB1F048C-F817-47AB-8038-23D9071B5E46}.Release|Any CPU.ActiveCfg = Release|Any CPU
		{FB1F048C-F817-47AB-8038-23D9071B5E46}.Release|Any CPU.Build.0 = Release|Any CPU
		{FB1F048C-F817-47AB-8038-23D9071B5E46}.Release|x64.ActiveCfg = Release|Any CPU
		{FB1F048C-F817-47AB-8038-23D9071B5E46}.Release|x64.Build.0 = Release|Any CPU
		{FB1F048C-F817-47AB-8038-23D9071B5E46}.Release|x86.ActiveCfg = Release|Any CPU
		{FB1F048C-F817-47AB-8038-23D9071B5E46}.Release|x86.Build.0 = Release|Any CPU
		{A25C862F-16C8-4A57-A15A-39B08A4BBB3E}.Debug|Any CPU.ActiveCfg = Debug|Any CPU
		{A25C862F-16C8-4A57-A15A-39B08A4BBB3E}.Debug|Any CPU.Build.0 = Debug|Any CPU
		{A25C862F-16C8-4A57-A15A-39B08A4BBB3E}.Debug|x64.ActiveCfg = Debug|Any CPU
		{A25C862F-16C8-4A57-A15A-39B08A4BBB3E}.Debug|x64.Build.0 = Debug|Any CPU
		{A25C862F-16C8-4A57-A15A-39B08A4BBB3E}.Debug|x86.ActiveCfg = Debug|Any CPU
		{A25C862F-16C8-4A57-A15A-39B08A4BBB3E}.Debug|x86.Build.0 = Debug|Any CPU
		{A25C862F-16C8-4A57-A15A-39B08A4BBB3E}.Release|Any CPU.ActiveCfg = Release|Any CPU
		{A25C862F-16C8-4A57-A15A-39B08A4BBB3E}.Release|Any CPU.Build.0 = Release|Any CPU
		{A25C862F-16C8-4A57-A15A-39B08A4BBB3E}.Release|x64.ActiveCfg = Release|Any CPU
		{A25C862F-16C8-4A57-A15A-39B08A4BBB3E}.Release|x64.Build.0 = Release|Any CPU
		{A25C862F-16C8-4A57-A15A-39B08A4BBB3E}.Release|x86.ActiveCfg = Release|Any CPU
		{A25C862F-16C8-4A57-A15A-39B08A4BBB3E}.Release|x86.Build.0 = Release|Any CPU
		{0336CF5A-AAFC-4D14-9F42-B54E4DE1AD18}.Debug|Any CPU.ActiveCfg = Debug|Any CPU
		{0336CF5A-AAFC-4D14-9F42-B54E4DE1AD18}.Debug|Any CPU.Build.0 = Debug|Any CPU
		{0336CF5A-AAFC-4D14-9F42-B54E4DE1AD18}.Debug|x64.ActiveCfg = Debug|Any CPU
		{0336CF5A-AAFC-4D14-9F42-B54E4DE1AD18}.Debug|x64.Build.0 = Debug|Any CPU
		{0336CF5A-AAFC-4D14-9F42-B54E4DE1AD18}.Debug|x86.ActiveCfg = Debug|Any CPU
		{0336CF5A-AAFC-4D14-9F42-B54E4DE1AD18}.Debug|x86.Build.0 = Debug|Any CPU
		{0336CF5A-AAFC-4D14-9F42-B54E4DE1AD18}.Release|Any CPU.ActiveCfg = Release|Any CPU
		{0336CF5A-AAFC-4D14-9F42-B54E4DE1AD18}.Release|Any CPU.Build.0 = Release|Any CPU
		{0336CF5A-AAFC-4D14-9F42-B54E4DE1AD18}.Release|x64.ActiveCfg = Release|Any CPU
		{0336CF5A-AAFC-4D14-9F42-B54E4DE1AD18}.Release|x64.Build.0 = Release|Any CPU
		{0336CF5A-AAFC-4D14-9F42-B54E4DE1AD18}.Release|x86.ActiveCfg = Release|Any CPU
		{0336CF5A-AAFC-4D14-9F42-B54E4DE1AD18}.Release|x86.Build.0 = Release|Any CPU
	EndGlobalSection
	GlobalSection(SolutionProperties) = preSolution
		HideSolutionNode = FALSE
	EndGlobalSection
	GlobalSection(NestedProjects) = preSolution
		{361CC675-3131-4802-B549-FCEE17680AE4} = {827E0CD3-B72D-47B6-A68D-7590B98EB39B}
		{67D646B0-1013-4285-A63C-7879CA47DFA1} = {827E0CD3-B72D-47B6-A68D-7590B98EB39B}
		{FF2D73D6-35E8-4E55-B682-CA6B8BCB98F7} = {827E0CD3-B72D-47B6-A68D-7590B98EB39B}
		{FB1F048C-F817-47AB-8038-23D9071B5E46} = {827E0CD3-B72D-47B6-A68D-7590B98EB39B}
		{A25C862F-16C8-4A57-A15A-39B08A4BBB3E} = {0AB3BF05-4346-4AA6-1389-037BE0695223}
		{0336CF5A-AAFC-4D14-9F42-B54E4DE1AD18} = {0AB3BF05-4346-4AA6-1389-037BE0695223}
	EndGlobalSection
EndGlobal
